
Microsoft Visual Studio Solution File, Format Version 12.00
# Visual Studio Version 16
VisualStudioVersion = 16.0.30114.105
MinimumVisualStudioVersion = 10.0.40219.1
Project("{FAE04EC0-301F-11D3-BF4B-00C04F79EFBC}") = "CollaborativeFiltering", "CollaborativeFiltering\CollaborativeFiltering.csproj", "{CEEAB137-C797-4E7A-B9D1-194CB3EE2A6B}"
EndProject
Project("{FAE04EC0-301F-11D3-BF4B-00C04F79EFBC}") = "ECommerce", "ECommerce\ECommerce.csproj", "{BA876D26-1890-4B9F-84E5-36D2717ACDA8}"
EndProject
Global
	GlobalSection(SolutionConfigurationPlatforms) = preSolution
		Debug|Any CPU = Debug|Any CPU
		Release|Any CPU = Release|Any CPU
	EndGlobalSection
	GlobalSection(SolutionProperties) = preSolution
		HideSolutionNode = FALSE
	EndGlobalSection
	GlobalSection(ProjectConfigurationPlatforms) = postSolution
		{CEEAB137-C797-4E7A-B9D1-194CB3EE2A6B}.Debug|Any CPU.ActiveCfg = Debug|Any CPU
		{CEEAB137-C797-4E7A-B9D1-194CB3EE2A6B}.Debug|Any CPU.Build.0 = Debug|Any CPU
		{CEEAB137-C797-4E7A-B9D1-194CB3EE2A6B}.Release|Any CPU.ActiveCfg = Release|Any CPU
		{CEEAB137-C797-4E7A-B9D1-194CB3EE2A6B}.Release|Any CPU.Build.0 = Release|Any CPU
		{BA876D26-1890-4B9F-84E5-36D2717ACDA8}.Debug|Any CPU.ActiveCfg = Debug|Any CPU
		{BA876D26-1890-4B9F-84E5-36D2717ACDA8}.Debug|Any CPU.Build.0 = Debug|Any CPU
		{BA876D26-1890-4B9F-84E5-36D2717ACDA8}.Release|Any CPU.ActiveCfg = Release|Any CPU
		{BA876D26-1890-4B9F-84E5-36D2717ACDA8}.Release|Any CPU.Build.0 = Release|Any CPU
	EndGlobalSection
EndGlobal
